
Microsoft Visual Studio Solution File, Format Version 12.00
# Visual Studio Version 16
VisualStudioVersion = 16.0.31727.386
MinimumVisualStudioVersion = 10.0.40219.1
Project("{FAE04EC0-301F-11D3-BF4B-00C04F79EFBC}") = "WebApplication", "WebApplication\WebApplication.csproj", "{C587AD52-D578-476E-A7A5-62C09EECB54D}"
EndProject
Project("{FAE04EC0-301F-11D3-BF4B-00C04F79EFBC}") = "FillDataBase", "FillDataBase\ClassLibrary1\FillDataBase.csproj", "{33CB7433-70F5-4ECF-B92C-0A2B7DCF217C}"
EndProject
Project("{9A19103F-16F7-4668-BE54-9A1E7A4F7556}") = "DataBaseEntities", "Lab2\DataBaseEntities.csproj", "{D82F069A-0900-4C17-A8E1-8AA00275F545}"
EndProject
Global
	GlobalSection(SolutionConfigurationPlatforms) = preSolution
		Debug|Any CPU = Debug|Any CPU
		Release|Any CPU = Release|Any CPU
	EndGlobalSection
	GlobalSection(ProjectConfigurationPlatforms) = postSolution
		{C587AD52-D578-476E-A7A5-62C09EECB54D}.Debug|Any CPU.ActiveCfg = Debug|Any CPU
		{C587AD52-D578-476E-A7A5-62C09EECB54D}.Debug|Any CPU.Build.0 = Debug|Any CPU
		{C587AD52-D578-476E-A7A5-62C09EECB54D}.Release|Any CPU.ActiveCfg = Release|Any CPU
		{C587AD52-D578-476E-A7A5-62C09EECB54D}.Release|Any CPU.Build.0 = Release|Any CPU
		{33CB7433-70F5-4ECF-B92C-0A2B7DCF217C}.Debug|Any CPU.ActiveCfg = Debug|Any CPU
		{33CB7433-70F5-4ECF-B92C-0A2B7DCF217C}.Debug|Any CPU.Build.0 = Debug|Any CPU
		{33CB7433-70F5-4ECF-B92C-0A2B7DCF217C}.Release|Any CPU.ActiveCfg = Release|Any CPU
		{33CB7433-70F5-4ECF-B92C-0A2B7DCF217C}.Release|Any CPU.Build.0 = Release|Any CPU
		{D82F069A-0900-4C17-A8E1-8AA00275F545}.Debug|Any CPU.ActiveCfg = Debug|Any CPU
		{D82F069A-0900-4C17-A8E1-8AA00275F545}.Debug|Any CPU.Build.0 = Debug|Any CPU
		{D82F069A-0900-4C17-A8E1-8AA00275F545}.Release|Any CPU.ActiveCfg = Release|Any CPU
		{D82F069A-0900-4C17-A8E1-8AA00275F545}.Release|Any CPU.Build.0 = Release|Any CPU
	EndGlobalSection
	GlobalSection(SolutionProperties) = preSolution
		HideSolutionNode = FALSE
	EndGlobalSection
	GlobalSection(ExtensibilityGlobals) = postSolution
		SolutionGuid = {82853620-226D-4C4D-BF9F-624219D2440D}
	EndGlobalSection
EndGlobal
